{
  "lockfileVersion": 1,
  "configVersion": 1,
  "workspaces": {
    "": {
      "name": "spike-bun-duckdb",
      "dependencies": {
        "@duckdb/node-api": "^1.5.0-r.1",
      },
    },
  },
  "packages": {
    "@duckdb/node-api": ["@duckdb/node-api@1.5.0-r.1", "", { "dependencies": { "@duckdb/node-bindings": "1.5.0-r.1" } }, "sha512-VjvjqlCyqUJ22bydG/+9Jj5l0CEvx9QUn1SATBkKFY0+x6n4uHzt0kp/FKwXK9LNduXX6KCKtdF+6v5BcHScfA=="],

    "@duckdb/node-bindings": ["@duckdb/node-bindings@1.5.0-r.1", "", { "optionalDependencies": { "@duckdb/node-bindings-darwin-arm64": "1.5.0-r.1", "@duckdb/node-bindings-darwin-x64": "1.5.0-r.1", "@duckdb/node-bindings-linux-arm64": "1.5.0-r.1", "@duckdb/node-bindings-linux-x64": "1.5.0-r.1", "@duckdb/node-bindings-win32-arm64": "1.5.0-r.1", "@duckdb/node-bindings-win32-x64": "1.5.0-r.1" } }, "sha512-ViyoHROp0HhQ0ATT8z6h7SV6vEOxNjN8mJcdkst+3rJIU3Rd/gKs8exJO23LxFsjBuAiDpndpEwFihTAdfwJZg=="],

    "@duckdb/node-bindings-darwin-arm64": ["@duckdb/node-bindings-darwin-arm64@1.5.0-r.1", "", { "os": "darwin", "cpu": "arm64" }, "sha512-s7CB9Y10f3dg2W4jdp6zipogxamq1pPQVt/r+YigZrHqk7HvytUeRH1VOI/3wuGTTlR8mAnIXj2MJIrmMujX4w=="],

    "@duckdb/node-bindings-darwin-x64": ["@duckdb/node-bindings-darwin-x64@1.5.0-r.1", "", { "os": "darwin", "cpu": "x64" }, "sha512-2KxnGvg9o/Y915hwr1Mpb6Cbfrvt/w+/Fv0RZ2VXeQuxqNCMOoJd/7yQ8ffWXJRuOFU/vRmsR88koIjW+yJibA=="],

    "@duckdb/node-bindings-linux-arm64": ["@duckdb/node-bindings-linux-arm64@1.5.0-r.1", "", { "os": "linux", "cpu": "arm64" }, "sha512-FpmcfJqhKoInjEa1o5dsWPQAFWYgu1eZgJP94nz6d+cKfdXEZKT6vGIwokZRzDqKLG1ZAOBZO2IhxzmW8IbbfA=="],

    "@duckdb/node-bindings-linux-x64": ["@duckdb/node-bindings-linux-x64@1.5.0-r.1", "", { "os": "linux", "cpu": "x64" }, "sha512-A4Zgsaq6szEKiMyF1eWkoaHw0OMA0a8Zl8Ev0GcZSRjI4iGHgBQ1f/Zi/w3QKyz7OtjIiZ+pQ1XYyG4QoF6OKA=="],

    "@duckdb/node-bindings-win32-arm64": ["@duckdb/node-bindings-win32-arm64@1.5.0-r.1", "", { "os": "win32", "cpu": "arm64" }, "sha512-ctCJ2HWpyiN3FNiCQ40RWALZLwKtJ8Aq4Anen2ush1I0a2E52T//jitLzl7DcX0quzew5eci1MQ+H5T1nVhzFA=="],

    "@duckdb/node-bindings-win32-x64": ["@duckdb/node-bindings-win32-x64@1.5.0-r.1", "", { "os": "win32", "cpu": "x64" }, "sha512-725LoefejBlyG/bUcMfqVJkZ8KnZRLa0xOkszw9Q+V5G26iagJY3dgtGJAvwTeVJvXigSEVc5yD9Cj6kWR67vA=="],
  }
}
